
Microsoft Visual Studio Solution File, Format Version 12.00
# Visual Studio Version 17
VisualStudioVersion = 17.7.34009.444
MinimumVisualStudioVersion = 10.0.40219.1
Project("{9A19103F-16F7-4668-BE54-9A1E7A4F7556}") = "Program", "Program.csproj", "{F3AC8186-A399-435A-A366-5776DE2E1960}"
EndProject
Project("{FAE04EC0-301F-11D3-BF4B-00C04F79EFBC}") = "LoggerLibrary", "..\LoggerLibrary\LoggerLibrary.csproj", "{840F5D06-CD86-4770-8D91-2AAD3BDFC74B}"
EndProject
Global
	GlobalSection(SolutionConfigurationPlatforms) = preSolution
		Debug|Any CPU = Debug|Any CPU
		Release|Any CPU = Release|Any CPU
	EndGlobalSection
	GlobalSection(ProjectConfigurationPlatforms) = postSolution
		{F3AC8186-A399-435A-A366-5776DE2E1960}.Debug|Any CPU.ActiveCfg = Debug|Any CPU
		{F3AC8186-A399-435A-A366-5776DE2E1960}.Debug|Any CPU.Build.0 = Debug|Any CPU
		{F3AC8186-A399-435A-A366-5776DE2E1960}.Release|Any CPU.ActiveCfg = Release|Any CPU
		{F3AC8186-A399-435A-A366-5776DE2E1960}.Release|Any CPU.Build.0 = Release|Any CPU
		{840F5D06-CD86-4770-8D91-2AAD3BDFC74B}.Debug|Any CPU.ActiveCfg = Debug|Any CPU
		{840F5D06-CD86-4770-8D91-2AAD3BDFC74B}.Debug|Any CPU.Build.0 = Debug|Any CPU
		{840F5D06-CD86-4770-8D91-2AAD3BDFC74B}.Release|Any CPU.ActiveCfg = Release|Any CPU
		{840F5D06-CD86-4770-8D91-2AAD3BDFC74B}.Release|Any CPU.Build.0 = Release|Any CPU
	EndGlobalSection
	GlobalSection(SolutionProperties) = preSolution
		HideSolutionNode = FALSE
	EndGlobalSection
	GlobalSection(ExtensibilityGlobals) = postSolution
		SolutionGuid = {39C2C148-3D13-4D52-B8E8-DBF5054D18B0}
	EndGlobalSection
EndGlobal
